
Microsoft Visual Studio Solution File, Format Version 12.00
# Visual Studio Version 17
VisualStudioVersion = 17.3.32922.545
MinimumVisualStudioVersion = 10.0.40219.1
Project("{FAE04EC0-301F-11D3-BF4B-00C04F79EFBC}") = "RepositoryPatternWithUOW.Api", "RepositoryPatternWithUOW.Api\RepositoryPatternWithUOW.Api.csproj", "{B226A7E6-FD7E-4A10-87CA-B343E2BA0B0D}"
EndProject
Project("{FAE04EC0-301F-11D3-BF4B-00C04F79EFBC}") = "RepositoryPatternWithUOW.Core", "RepositoryPatternWithUOW.Core\RepositoryPatternWithUOW.Core.csproj", "{A4F102ED-E4F4-4979-9408-AB2126A7CFF1}"
EndProject
Project("{FAE04EC0-301F-11D3-BF4B-00C04F79EFBC}") = "RepositoryPatternWithUOW.EF", "RepositoryPatternWithUOW.EF\RepositoryPatternWithUOW.EF.csproj", "{97A96D5E-E8CD-4268-8D44-2638E5FE838F}"
EndProject
Global
	GlobalSection(SolutionConfigurationPlatforms) = preSolution
		Debug|Any CPU = Debug|Any CPU
		Release|Any CPU = Release|Any CPU
	EndGlobalSection
	GlobalSection(ProjectConfigurationPlatforms) = postSolution
		{B226A7E6-FD7E-4A10-87CA-B343E2BA0B0D}.Debug|Any CPU.ActiveCfg = Debug|Any CPU
		{B226A7E6-FD7E-4A10-87CA-B343E2BA0B0D}.Debug|Any CPU.Build.0 = Debug|Any CPU
		{B226A7E6-FD7E-4A10-87CA-B343E2BA0B0D}.Release|Any CPU.ActiveCfg = Release|Any CPU
		{B226A7E6-FD7E-4A10-87CA-B343E2BA0B0D}.Release|Any CPU.Build.0 = Release|Any CPU
		{A4F102ED-E4F4-4979-9408-AB2126A7CFF1}.Debug|Any CPU.ActiveCfg = Debug|Any CPU
		{A4F102ED-E4F4-4979-9408-AB2126A7CFF1}.Debug|Any CPU.Build.0 = Debug|Any CPU
		{A4F102ED-E4F4-4979-9408-AB2126A7CFF1}.Release|Any CPU.ActiveCfg = Release|Any CPU
		{A4F102ED-E4F4-4979-9408-AB2126A7CFF1}.Release|Any CPU.Build.0 = Release|Any CPU
		{97A96D5E-E8CD-4268-8D44-2638E5FE838F}.Debug|Any CPU.ActiveCfg = Debug|Any CPU
		{97A96D5E-E8CD-4268-8D44-2638E5FE838F}.Debug|Any CPU.Build.0 = Debug|Any CPU
		{97A96D5E-E8CD-4268-8D44-2638E5FE838F}.Release|Any CPU.ActiveCfg = Release|Any CPU
		{97A96D5E-E8CD-4268-8D44-2638E5FE838F}.Release|Any CPU.Build.0 = Release|Any CPU
	EndGlobalSection
	GlobalSection(SolutionProperties) = preSolution
		HideSolutionNode = FALSE
	EndGlobalSection
	GlobalSection(ExtensibilityGlobals) = postSolution
		SolutionGuid = {EFEB56CF-836A-4872-BCA8-B3D0E2A3EEEF}
	EndGlobalSection
EndGlobal
